// !$*UTF8*$!
{
	archiveVersion = 1;
	classes = {
	};
	objectVersion = 56;
	objects = {

/* Begin PBXBuildFile section */
		3DE49B2828F09B9F00D08331 /* chat_appApp.swift in Sources */ = {isa = PBXBuildFile; fileRef = 3DE49B2728F09B9F00D08331 /* chat_appApp.swift */; };
		3DE49B2A28F09B9F00D08331 /* RootView.swift in Sources */ = {isa = PBXBuildFile; fileRef = 3DE49B2928F09B9F00D08331 /* RootView.swift */; };
		3DE49B2C28F09BA000D08331 /* Assets.xcassets in Resources */ = {isa = PBXBuildFile; fileRef = 3DE49B2B28F09BA000D08331 /* Assets.xcassets */; };
		3DE49B2F28F09BA000D08331 /* Preview Assets.xcassets in Resources */ = {isa = PBXBuildFile; fileRef = 3DE49B2E28F09BA000D08331 /* Preview Assets.xcassets */; };
		3DE49B3928F09BA100D08331 /* chat_appTests.swift in Sources */ = {isa = PBXBuildFile; fileRef = 3DE49B3828F09BA100D08331 /* chat_appTests.swift */; };
		3DE49B4328F09BA100D08331 /* chat_appUITests.swift in Sources */ = {isa = PBXBuildFile; fileRef = 3DE49B4228F09BA100D08331 /* chat_appUITests.swift */; };
		3DE49B4528F09BA100D08331 /* chat_appUITestsLaunchTests.swift in Sources */ = {isa = PBXBuildFile; fileRef = 3DE49B4428F09BA100D08331 /* chat_appUITestsLaunchTests.swift */; };
		3DE49B5A28F0CB6700D08331 /* CustomTabBar.swift in Sources */ = {isa = PBXBuildFile; fileRef = 3DE49B5928F0CB6700D08331 /* CustomTabBar.swift */; };
		3DE49B5C28F0D24D00D08331 /* TabBarButton.swift in Sources */ = {isa = PBXBuildFile; fileRef = 3DE49B5B28F0D24D00D08331 /* TabBarButton.swift */; };
/* End PBXBuildFile section */

/* Begin PBXContainerItemProxy section */
		3DE49B3528F09BA100D08331 /* PBXContainerItemProxy */ = {
			isa = PBXContainerItemProxy;
			containerPortal = 3DE49B1C28F09B9F00D08331 /* Project object */;
			proxyType = 1;
			remoteGlobalIDString = 3DE49B2328F09B9F00D08331;
			remoteInfo = "chat-app";
		};
		3DE49B3F28F09BA100D08331 /* PBXContainerItemProxy */ = {
			isa = PBXContainerItemProxy;
			containerPortal = 3DE49B1C28F09B9F00D08331 /* Project object */;
			proxyType = 1;
			remoteGlobalIDString = 3DE49B2328F09B9F00D08331;
			remoteInfo = "chat-app";
		};
/* End PBXContainerItemProxy section */

/* Begin PBXFileReference section */
		3DE49B2428F09B9F00D08331 /* chat-app.app */ = {isa = PBXFileReference; explicitFileType = wrapper.application; includeInIndex = 0; path = "chat-app.app"; sourceTree = BUILT_PRODUCTS_DIR; };
		3DE49B2728F09B9F00D08331 /* chat_appApp.swift */ = {isa = PBXFileReference; lastKnownFileType = sourcecode.swift; path = chat_appApp.swift; sourceTree = "<group>"; };
		3DE49B2928F09B9F00D08331 /* RootView.swift */ = {isa = PBXFileReference; lastKnownFileType = sourcecode.swift; path = RootView.swift; sourceTree = "<group>"; };
		3DE49B2B28F09BA000D08331 /* Assets.xcassets */ = {isa = PBXFileReference; lastKnownFileType = folder.assetcatalog; path = Assets.xcassets; sourceTree = "<group>"; };
		3DE49B2E28F09BA000D08331 /* Preview Assets.xcassets */ = {isa = PBXFileReference; lastKnownFileType = folder.assetcatalog; path = "Preview Assets.xcassets"; sourceTree = "<group>"; };
		3DE49B3428F09BA100D08331 /* chat-appTests.xctest */ = {isa = PBXFileReference; explicitFileType = wrapper.cfbundle; includeInIndex = 0; path = "chat-appTests.xctest"; sourceTree = BUILT_PRODUCTS_DIR; };
		3DE49B3828F09BA100D08331 /* chat_appTests.swift */ = {isa = PBXFileReference; lastKnownFileType = sourcecode.swift; path = chat_appTests.swift; sourceTree = "<group>"; };
		3DE49B3E28F09BA100D08331 /* chat-appUITests.xctest */ = {isa = PBXFileReference; explicitFileType = wrapper.cfbundle; includeInIndex = 0; path = "chat-appUITests.xctest"; sourceTree = BUILT_PRODUCTS_DIR; };
		3DE49B4228F09BA100D08331 /* chat_appUITests.swift */ = {isa = PBXFileReference; lastKnownFileType = sourcecode.swift; path = chat_appUITests.swift; sourceTree = "<group>"; };
		3DE49B4428F09BA100D08331 /* chat_appUITestsLaunchTests.swift */ = {isa = PBXFileReference; lastKnownFileType = sourcecode.swift; path = chat_appUITestsLaunchTests.swift; sourceTree = "<group>"; };
		3DE49B5728F0A30800D08331 /* Info.plist */ = {isa = PBXFileReference; lastKnownFileType = text.plist; path = Info.plist; sourceTree = "<group>"; };
		3DE49B5928F0CB6700D08331 /* CustomTabBar.swift */ = {isa = PBXFileReference; lastKnownFileType = sourcecode.swift; path = CustomTabBar.swift; sourceTree = "<group>"; };
		3DE49B5B28F0D24D00D08331 /* TabBarButton.swift */ = {isa = PBXFileReference; lastKnownFileType = sourcecode.swift; path = TabBarButton.swift; sourceTree = "<group>"; };
/* End PBXFileReference section */

/* Begin PBXFrameworksBuildPhase section */
		3DE49B2128F09B9F00D08331 /* Frameworks */ = {
			isa = PBXFrameworksBuildPhase;
			buildActionMask = 2147483647;
			files = (
			);
			runOnlyForDeploymentPostprocessing = 0;
		};
		3DE49B3128F09BA100D08331 /* Frameworks */ = {
			isa = PBXFrameworksBuildPhase;
			buildActionMask = 2147483647;
			files = (
			);
			runOnlyForDeploymentPostprocessing = 0;
		};
		3DE49B3B28F09BA100D08331 /* Frameworks */ = {
			isa = PBXFrameworksBuildPhase;
			buildActionMask = 2147483647;
			files = (
			);
			runOnlyForDeploymentPostprocessing = 0;
		};
/* End PBXFrameworksBuildPhase section */

/* Begin PBXGroup section */
		3DE49B1B28F09B9F00D08331 = {
			isa = PBXGroup;
			children = (
				3DE49B2628F09B9F00D08331 /* chat-app */,
				3DE49B3728F09BA100D08331 /* chat-appTests */,
				3DE49B4128F09BA100D08331 /* chat-appUITests */,
				3DE49B2528F09B9F00D08331 /* Products */,
			);
			sourceTree = "<group>";
		};
		3DE49B2528F09B9F00D08331 /* Products */ = {
			isa = PBXGroup;
			children = (
				3DE49B2428F09B9F00D08331 /* chat-app.app */,
				3DE49B3428F09BA100D08331 /* chat-appTests.xctest */,
				3DE49B3E28F09BA100D08331 /* chat-appUITests.xctest */,
			);
			name = Products;
			sourceTree = "<group>";
		};
		3DE49B2628F09B9F00D08331 /* chat-app */ = {
			isa = PBXGroup;
			children = (
				3DE49B5728F0A30800D08331 /* Info.plist */,
				3DE49B2728F09B9F00D08331 /* chat_appApp.swift */,
				3DE49B5628F09D2600D08331 /* Fonts */,
				3DE49B5528F09D2000D08331 /* Helpers */,
				3DE49B5328F09D1300D08331 /* Models */,
				3DE49B5428F09D1A00D08331 /* Services */,
				3DE49B5228F09D0B00D08331 /* ViewModels */,
				3DE49B5128F09D0200D08331 /* Views */,
				3DE49B2B28F09BA000D08331 /* Assets.xcassets */,
				3DE49B2D28F09BA000D08331 /* Preview Content */,
			);
			path = "chat-app";
			sourceTree = "<group>";
		};
		3DE49B2D28F09BA000D08331 /* Preview Content */ = {
			isa = PBXGroup;
			children = (
				3DE49B2E28F09BA000D08331 /* Preview Assets.xcassets */,
			);
			path = "Preview Content";
			sourceTree = "<group>";
		};
		3DE49B3728F09BA100D08331 /* chat-appTests */ = {
			isa = PBXGroup;
			children = (
				3DE49B3828F09BA100D08331 /* chat_appTests.swift */,
			);
			path = "chat-appTests";
			sourceTree = "<group>";
		};
		3DE49B4128F09BA100D08331 /* chat-appUITests */ = {
			isa = PBXGroup;
			children = (
				3DE49B4228F09BA100D08331 /* chat_appUITests.swift */,
				3DE49B4428F09BA100D08331 /* chat_appUITestsLaunchTests.swift */,
			);
			path = "chat-appUITests";
			sourceTree = "<group>";
		};
		3DE49B5128F09D0200D08331 /* Views */ = {
			isa = PBXGroup;
			children = (
				3DE49B5828F0CB4D00D08331 /* Custom Tab Bar */,
				3DE49B2928F09B9F00D08331 /* RootView.swift */,
			);
			path = Views;
			sourceTree = "<group>";
		};
		3DE49B5228F09D0B00D08331 /* ViewModels */ = {
			isa = PBXGroup;
			children = (
			);
			path = ViewModels;
			sourceTree = "<group>";
		};
		3DE49B5328F09D1300D08331 /* Models */ = {
			isa = PBXGroup;
			children = (
			);
			path = Models;
			sourceTree = "<group>";
		};
		3DE49B5428F09D1A00D08331 /* Services */ = {
			isa = PBXGroup;
			children = (
			);
			path = Services;
			sourceTree = "<group>";
		};
		3DE49B5528F09D2000D08331 /* Helpers */ = {
			isa = PBXGroup;
			children = (
			);
			path = Helpers;
			sourceTree = "<group>";
		};
		3DE49B5628F09D2600D08331 /* Fonts */ = {
			isa = PBXGroup;
			children = (
			);
			path = Fonts;
			sourceTree = "<group>";
		};
		3DE49B5828F0CB4D00D08331 /* Custom Tab Bar */ = {
			isa = PBXGroup;
			children = (
				3DE49B5928F0CB6700D08331 /* CustomTabBar.swift */,
				3DE49B5B28F0D24D00D08331 /* TabBarButton.swift */,
			);
			path = "Custom Tab Bar";
			sourceTree = "<group>";
		};
/* End PBXGroup section */

/* Begin PBXNativeTarget section */
		3DE49B2328F09B9F00D08331 /* chat-app */ = {
			isa = PBXNativeTarget;
			buildConfigurationList = 3DE49B4828F09BA100D08331 /* Build configuration list for PBXNativeTarget "chat-app" */;
			buildPhases = (
				3DE49B2028F09B9F00D08331 /* Sources */,
				3DE49B2128F09B9F00D08331 /* Frameworks */,
				3DE49B2228F09B9F00D08331 /* Resources */,
			);
			buildRules = (
			);
			dependencies = (
			);
			name = "chat-app";
			productName = "chat-app";
			productReference = 3DE49B2428F09B9F00D08331 /* chat-app.app */;
			productType = "com.apple.product-type.application";
		};
		3DE49B3328F09BA100D08331 /* chat-appTests */ = {
			isa = PBXNativeTarget;
			buildConfigurationList = 3DE49B4B28F09BA100D08331 /* Build configuration list for PBXNativeTarget "chat-appTests" */;
			buildPhases = (
				3DE49B3028F09BA100D08331 /* Sources */,
				3DE49B3128F09BA100D08331 /* Frameworks */,
				3DE49B3228F09BA100D08331 /* Resources */,
			);
			buildRules = (
			);
			dependencies = (
				3DE49B3628F09BA100D08331 /* PBXTargetDependency */,
			);
			name = "chat-appTests";
			productName = "chat-appTests";
			productReference = 3DE49B3428F09BA100D08331 /* chat-appTests.xctest */;
			productType = "com.apple.product-type.bundle.unit-test";
		};
		3DE49B3D28F09BA100D08331 /* chat-appUITests */ = {
			isa = PBXNativeTarget;
			buildConfigurationList = 3DE49B4E28F09BA100D08331 /* Build configuration list for PBXNativeTarget "chat-appUITests" */;
			buildPhases = (
				3DE49B3A28F09BA100D08331 /* Sources */,
				3DE49B3B28F09BA100D08331 /* Frameworks */,
				3DE49B3C28F09BA100D08331 /* Resources */,
			);
			buildRules = (
			);
			dependencies = (
				3DE49B4028F09BA100D08331 /* PBXTargetDependency */,
			);
			name = "chat-appUITests";
			productName = "chat-appUITests";
			productReference = 3DE49B3E28F09BA100D08331 /* chat-appUITests.xctest */;
			productType = "com.apple.product-type.bundle.ui-testing";
		};
/* End PBXNativeTarget section */

/* Begin PBXProject section */
		3DE49B1C28F09B9F00D08331 /* Project object */ = {
			isa = PBXProject;
			attributes = {
				BuildIndependentTargetsInParallel = 1;
				LastSwiftUpdateCheck = 1400;
				LastUpgradeCheck = 1400;
				TargetAttributes = {
					3DE49B2328F09B9F00D08331 = {
						CreatedOnToolsVersion = 14.0.1;
					};
					3DE49B3328F09BA100D08331 = {
						CreatedOnToolsVersion = 14.0.1;
						TestTargetID = 3DE49B2328F09B9F00D08331;
					};
					3DE49B3D28F09BA100D08331 = {
						CreatedOnToolsVersion = 14.0.1;
						TestTargetID = 3DE49B2328F09B9F00D08331;
					};
				};
			};
			buildConfigurationList = 3DE49B1F28F09B9F00D08331 /* Build configuration list for PBXProject "chat-app" */;
			compatibilityVersion = "Xcode 14.0";
			developmentRegion = en;
			hasScannedForEncodings = 0;
			knownRegions = (
				en,
				Base,
			);
			mainGroup = 3DE49B1B28F09B9F00D08331;
			productRefGroup = 3DE49B2528F09B9F00D08331 /* Products */;
			projectDirPath = "";
			projectRoot = "";
			targets = (
				3DE49B2328F09B9F00D08331 /* chat-app */,
				3DE49B3328F09BA100D08331 /* chat-appTests */,
				3DE49B3D28F09BA100D08331 /* chat-appUITests */,
			);
		};
/* End PBXProject section */

/* Begin PBXResourcesBuildPhase section */
		3DE49B2228F09B9F00D08331 /* Resources */ = {
			isa = PBXResourcesBuildPhase;
			buildActionMask = 2147483647;
			files = (
				3DE49B2F28F09BA000D08331 /* Preview Assets.xcassets in Resources */,
				3DE49B2C28F09BA000D08331 /* Assets.xcassets in Resources */,
			);
			runOnlyForDeploymentPostprocessing = 0;
		};
		3DE49B3228F09BA100D08331 /* Resources */ = {
			isa = PBXResourcesBuildPhase;
			buildActionMask = 2147483647;
			files = (
			);
			runOnlyForDeploymentPostprocessing = 0;
		};
		3DE49B3C28F09BA100D08331 /* Resources */ = {
			isa = PBXResourcesBuildPhase;
			buildActionMask = 2147483647;
			files = (
			);
			runOnlyForDeploymentPostprocessing = 0;
		};
/* End PBXResourcesBuildPhase section */

/* Begin PBXSourcesBuildPhase section */
		3DE49B2028F09B9F00D08331 /* Sources */ = {
			isa = PBXSourcesBuildPhase;
			buildActionMask = 2147483647;
			files = (
				3DE49B2A28F09B9F00D08331 /* RootView.swift in Sources */,
				3DE49B5C28F0D24D00D08331 /* TabBarButton.swift in Sources */,
				3DE49B5A28F0CB6700D08331 /* CustomTabBar.swift in Sources */,
				3DE49B2828F09B9F00D08331 /* chat_appApp.swift in Sources */,
			);
			runOnlyForDeploymentPostprocessing = 0;
		};
		3DE49B3028F09BA100D08331 /* Sources */ = {
			isa = PBXSourcesBuildPhase;
			buildActionMask = 2147483647;
			files = (
				3DE49B3928F09BA100D08331 /* chat_appTests.swift in Sources */,
			);
			runOnlyForDeploymentPostprocessing = 0;
		};
		3DE49B3A28F09BA100D08331 /* Sources */ = {
			isa = PBXSourcesBuildPhase;
			buildActionMask = 2147483647;
			files = (
				3DE49B4528F09BA100D08331 /* chat_appUITestsLaunchTests.swift in Sources */,
				3DE49B4328F09BA100D08331 /* chat_appUITests.swift in Sources */,
			);
			runOnlyForDeploymentPostprocessing = 0;
		};
/* End PBXSourcesBuildPhase section */

/* Begin PBXTargetDependency section */
		3DE49B3628F09BA100D08331 /* PBXTargetDependency */ = {
			isa = PBXTargetDependency;
			target = 3DE49B2328F09B9F00D08331 /* chat-app */;
			targetProxy = 3DE49B3528F09BA100D08331 /* PBXContainerItemProxy */;
		};
		3DE49B4028F09BA100D08331 /* PBXTargetDependency */ = {
			isa = PBXTargetDependency;
			target = 3DE49B2328F09B9F00D08331 /* chat-app */;
			targetProxy = 3DE49B3F28F09BA100D08331 /* PBXContainerItemProxy */;
		};
/* End PBXTargetDependency section */

/* Begin XCBuildConfiguration section */
		3DE49B4628F09BA100D08331 /* Debug */ = {
			isa = XCBuildConfiguration;
			buildSettings = {
				ALWAYS_SEARCH_USER_PATHS = NO;
				CLANG_ANALYZER_NONNULL = YES;
				CLANG_ANALYZER_NUMBER_OBJECT_CONVERSION = YES_AGGRESSIVE;
				CLANG_CXX_LANGUAGE_STANDARD = "gnu++20";
				CLANG_ENABLE_MODULES = YES;
				CLANG_ENABLE_OBJC_ARC = YES;
				CLANG_ENABLE_OBJC_WEAK = YES;
				CLANG_WARN_BLOCK_CAPTURE_AUTORELEASING = YES;
				CLANG_WARN_BOOL_CONVERSION = YES;
				CLANG_WARN_COMMA = YES;
				CLANG_WARN_CONSTANT_CONVERSION = YES;
				CLANG_WARN_DEPRECATED_OBJC_IMPLEMENTATIONS = YES;
				CLANG_WARN_DIRECT_OBJC_ISA_USAGE = YES_ERROR;
				CLANG_WARN_DOCUMENTATION_COMMENTS = YES;
				CLANG_WARN_EMPTY_BODY = YES;
				CLANG_WARN_ENUM_CONVERSION = YES;
				CLANG_WARN_INFINITE_RECURSION = YES;
				CLANG_WARN_INT_CONVERSION = YES;
				CLANG_WARN_NON_LITERAL_NULL_CONVERSION = YES;
				CLANG_WARN_OBJC_IMPLICIT_RETAIN_SELF = YES;
				CLANG_WARN_OBJC_LITERAL_CONVERSION = YES;
				CLANG_WARN_OBJC_ROOT_CLASS = YES_ERROR;
				CLANG_WARN_QUOTED_INCLUDE_IN_FRAMEWORK_HEADER = YES;
				CLANG_WARN_RANGE_LOOP_ANALYSIS = YES;
				CLANG_WARN_STRICT_PROTOTYPES = YES;
				CLANG_WARN_SUSPICIOUS_MOVE = YES;
				CLANG_WARN_UNGUARDED_AVAILABILITY = YES_AGGRESSIVE;
				CLANG_WARN_UNREACHABLE_CODE = YES;
				CLANG_WARN__DUPLICATE_METHOD_MATCH = YES;
				COPY_PHASE_STRIP = NO;
				DEBUG_INFORMATION_FORMAT = dwarf;
				ENABLE_STRICT_OBJC_MSGSEND = YES;
				ENABLE_TESTABILITY = YES;
				GCC_C_LANGUAGE_STANDARD = gnu11;
				GCC_DYNAMIC_NO_PIC = NO;
				GCC_NO_COMMON_BLOCKS = YES;
				GCC_OPTIMIZATION_LEVEL = 0;
				GCC_PREPROCESSOR_DEFINITIONS = (
					"DEBUG=1",
					"$(inherited)",
				);
				GCC_WARN_64_TO_32_BIT_CONVERSION = YES;
				GCC_WARN_ABOUT_RETURN_TYPE = YES_ERROR;
				GCC_WARN_UNDECLARED_SELECTOR = YES;
				GCC_WARN_UNINITIALIZED_AUTOS = YES_AGGRESSIVE;
				GCC_WARN_UNUSED_FUNCTION = YES;
				GCC_WARN_UNUSED_VARIABLE = YES;
				IPHONEOS_DEPLOYMENT_TARGET = 16.0;
				MTL_ENABLE_DEBUG_INFO = INCLUDE_SOURCE;
				MTL_FAST_MATH = YES;
				ONLY_ACTIVE_ARCH = YES;
				SDKROOT = iphoneos;
				SWIFT_ACTIVE_COMPILATION_CONDITIONS = DEBUG;
				SWIFT_OPTIMIZATION_LEVEL = "-Onone";
			};
			name = Debug;
		};
		3DE49B4728F09BA100D08331 /* Release */ = {
			isa = XCBuildConfiguration;
			buildSettings = {
				ALWAYS_SEARCH_USER_PATHS = NO;
				CLANG_ANALYZER_NONNULL = YES;
				CLANG_ANALYZER_NUMBER_OBJECT_CONVERSION = YES_AGGRESSIVE;
				CLANG_CXX_LANGUAGE_STANDARD = "gnu++20";
				CLANG_ENABLE_MODULES = YES;
				CLANG_ENABLE_OBJC_ARC = YES;
				CLANG_ENABLE_OBJC_WEAK = YES;
				CLANG_WARN_BLOCK_CAPTURE_AUTORELEASING = YES;
				CLANG_WARN_BOOL_CONVERSION = YES;
				CLANG_WARN_COMMA = YES;
				CLANG_WARN_CONSTANT_CONVERSION = YES;
				CLANG_WARN_DEPRECATED_OBJC_IMPLEMENTATIONS = YES;
				CLANG_WARN_DIRECT_OBJC_ISA_USAGE = YES_ERROR;
				CLANG_WARN_DOCUMENTATION_COMMENTS = YES;
				CLANG_WARN_EMPTY_BODY = YES;
				CLANG_WARN_ENUM_CONVERSION = YES;
				CLANG_WARN_INFINITE_RECURSION = YES;
				CLANG_WARN_INT_CONVERSION = YES;
				CLANG_WARN_NON_LITERAL_NULL_CONVERSION = YES;
				CLANG_WARN_OBJC_IMPLICIT_RETAIN_SELF = YES;
				CLANG_WARN_OBJC_LITERAL_CONVERSION = YES;
				CLANG_WARN_OBJC_ROOT_CLASS = YES_ERROR;
				CLANG_WARN_QUOTED_INCLUDE_IN_FRAMEWORK_HEADER = YES;
				CLANG_WARN_RANGE_LOOP_ANALYSIS = YES;
				CLANG_WARN_STRICT_PROTOTYPES = YES;
				CLANG_WARN_SUSPICIOUS_MOVE = YES;
				CLANG_WARN_UNGUARDED_AVAILABILITY = YES_AGGRESSIVE;
				CLANG_WARN_UNREACHABLE_CODE = YES;
				CLANG_WARN__DUPLICATE_METHOD_MATCH = YES;
				COPY_PHASE_STRIP = NO;
				DEBUG_INFORMATION_FORMAT = "dwarf-with-dsym";
				ENABLE_NS_ASSERTIONS = NO;
				ENABLE_STRICT_OBJC_MSGSEND = YES;
				GCC_C_LANGUAGE_STANDARD = gnu11;
				GCC_NO_COMMON_BLOCKS = YES;
				GCC_WARN_64_TO_32_BIT_CONVERSION = YES;
				GCC_WARN_ABOUT_RETURN_TYPE = YES_ERROR;
				GCC_WARN_UNDECLARED_SELECTOR = YES;
				GCC_WARN_UNINITIALIZED_AUTOS = YES_AGGRESSIVE;
				GCC_WARN_UNUSED_FUNCTION = YES;
				GCC_WARN_UNUSED_VARIABLE = YES;
				IPHONEOS_DEPLOYMENT_TARGET = 16.0;
				MTL_ENABLE_DEBUG_INFO = NO;
				MTL_FAST_MATH = YES;
				SDKROOT = iphoneos;
				SWIFT_COMPILATION_MODE = wholemodule;
				SWIFT_OPTIMIZATION_LEVEL = "-O";
				VALIDATE_PRODUCT = YES;
			};
			name = Release;
		};
		3DE49B4928F09BA100D08331 /* Debug */ = {
			isa = XCBuildConfiguration;
			buildSettings = {
				ASSETCATALOG_COMPILER_APPICON_NAME = AppIcon;
				ASSETCATALOG_COMPILER_GLOBAL_ACCENT_COLOR_NAME = AccentColor;
				CODE_SIGN_STYLE = Automatic;
				CURRENT_PROJECT_VERSION = 1;
				DEVELOPMENT_ASSET_PATHS = "\"chat-app/Preview Content\"";
				DEVELOPMENT_TEAM = 565T396J3V;
				ENABLE_PREVIEWS = YES;
				GENERATE_INFOPLIST_FILE = YES;
				INFOPLIST_FILE = "chat-app/Info.plist";
				INFOPLIST_KEY_UIApplicationSceneManifest_Generation = YES;
				INFOPLIST_KEY_UIApplicationSupportsIndirectInputEvents = YES;
				INFOPLIST_KEY_UILaunchScreen_Generation = YES;
				INFOPLIST_KEY_UISupportedInterfaceOrientations_iPad = "UIInterfaceOrientationPortrait UIInterfaceOrientationPortraitUpsideDown UIInterfaceOrientationLandscapeLeft UIInterfaceOrientationLandscapeRight";
				INFOPLIST_KEY_UISupportedInterfaceOrientations_iPhone = "UIInterfaceOrientationPortrait UIInterfaceOrientationLandscapeLeft UIInterfaceOrientationLandscapeRight";
				LD_RUNPATH_SEARCH_PATHS = (
					"$(inherited)",
					"@executable_path/Frameworks",
				);
				MARKETING_VERSION = 1.0;
				PRODUCT_BUNDLE_IDENTIFIER = "dev.lyndipc.chat-app";
				PRODUCT_NAME = "$(TARGET_NAME)";
				SWIFT_EMIT_LOC_STRINGS = YES;
				SWIFT_VERSION = 5.0;
				TARGETED_DEVICE_FAMILY = "1,2";
			};
			name = Debug;
		};
		3DE49B4A28F09BA100D08331 /* Release */ = {
			isa = XCBuildConfiguration;
			buildSettings = {
				ASSETCATALOG_COMPILER_APPICON_NAME = AppIcon;
				ASSETCATALOG_COMPILER_GLOBAL_ACCENT_COLOR_NAME = AccentColor;
				CODE_SIGN_STYLE = Automatic;
				CURRENT_PROJECT_VERSION = 1;
				DEVELOPMENT_ASSET_PATHS = "\"chat-app/Preview Content\"";
				DEVELOPMENT_TEAM = 565T396J3V;
				ENABLE_PREVIEWS = YES;
				GENERATE_INFOPLIST_FILE = YES;
				INFOPLIST_FILE = "chat-app/Info.plist";
				INFOPLIST_KEY_UIApplicationSceneManifest_Generation = YES;
				INFOPLIST_KEY_UIApplicationSupportsIndirectInputEvents = YES;
				INFOPLIST_KEY_UILaunchScreen_Generation = YES;
				INFOPLIST_KEY_UISupportedInterfaceOrientations_iPad = "UIInterfaceOrientationPortrait UIInterfaceOrientationPortraitUpsideDown UIInterfaceOrientationLandscapeLeft UIInterfaceOrientationLandscapeRight";
				INFOPLIST_KEY_UISupportedInterfaceOrientations_iPhone = "UIInterfaceOrientationPortrait UIInterfaceOrientationLandscapeLeft UIInterfaceOrientationLandscapeRight";
				LD_RUNPATH_SEARCH_PATHS = (
					"$(inherited)",
					"@executable_path/Frameworks",
				);
				MARKETING_VERSION = 1.0;
				PRODUCT_BUNDLE_IDENTIFIER = "dev.lyndipc.chat-app";
				PRODUCT_NAME = "$(TARGET_NAME)";
				SWIFT_EMIT_LOC_STRINGS = YES;
				SWIFT_VERSION = 5.0;
				TARGETED_DEVICE_FAMILY = "1,2";
			};
			name = Release;
		};
		3DE49B4C28F09BA100D08331 /* Debug */ = {
			isa = XCBuildConfiguration;
			buildSettings = {
				ALWAYS_EMBED_SWIFT_STANDARD_LIBRARIES = YES;
				BUNDLE_LOADER = "$(TEST_HOST)";
				CODE_SIGN_STYLE = Automatic;
				CURRENT_PROJECT_VERSION = 1;
				DEVELOPMENT_TEAM = 565T396J3V;
				GENERATE_INFOPLIST_FILE = YES;
				IPHONEOS_DEPLOYMENT_TARGET = 16.0;
				MARKETING_VERSION = 1.0;
				PRODUCT_BUNDLE_IDENTIFIER = "dev.lyndipc.chat-appTests";
				PRODUCT_NAME = "$(TARGET_NAME)";
				SWIFT_EMIT_LOC_STRINGS = NO;
				SWIFT_VERSION = 5.0;
				TARGETED_DEVICE_FAMILY = "1,2";
				TEST_HOST = "$(BUILT_PRODUCTS_DIR)/chat-app.app/$(BUNDLE_EXECUTABLE_FOLDER_PATH)/chat-app";
			};
			name = Debug;
		};
		3DE49B4D28F09BA100D08331 /* Release */ = {
			isa = XCBuildConfiguration;
			buildSettings = {
				ALWAYS_EMBED_SWIFT_STANDARD_LIBRARIES = YES;
				BUNDLE_LOADER = "$(TEST_HOST)";
				CODE_SIGN_STYLE = Automatic;
				CURRENT_PROJECT_VERSION = 1;
				DEVELOPMENT_TEAM = 565T396J3V;
				GENERATE_INFOPLIST_FILE = YES;
				IPHONEOS_DEPLOYMENT_TARGET = 16.0;
				MARKETING_VERSION = 1.0;
				PRODUCT_BUNDLE_IDENTIFIER = "dev.lyndipc.chat-appTests";
				PRODUCT_NAME = "$(TARGET_NAME)";
				SWIFT_EMIT_LOC_STRINGS = NO;
				SWIFT_VERSION = 5.0;
				TARGETED_DEVICE_FAMILY = "1,2";
				TEST_HOST = "$(BUILT_PRODUCTS_DIR)/chat-app.app/$(BUNDLE_EXECUTABLE_FOLDER_PATH)/chat-app";
			};
			name = Release;
		};
		3DE49B4F28F09BA100D08331 /* Debug */ = {
			isa = XCBuildConfiguration;
			buildSettings = {
				ALWAYS_EMBED_SWIFT_STANDARD_LIBRARIES = YES;
				CODE_SIGN_STYLE = Automatic;
				CURRENT_PROJECT_VERSION = 1;
				DEVELOPMENT_TEAM = 565T396J3V;
				GENERATE_INFOPLIST_FILE = YES;
				MARKETING_VERSION = 1.0;
				PRODUCT_BUNDLE_IDENTIFIER = "dev.lyndipc.chat-appUITests";
				PRODUCT_NAME = "$(TARGET_NAME)";
				SWIFT_EMIT_LOC_STRINGS = NO;
				SWIFT_VERSION = 5.0;
				TARGETED_DEVICE_FAMILY = "1,2";
				TEST_TARGET_NAME = "chat-app";
			};
			name = Debug;
		};
		3DE49B5028F09BA100D08331 /* Release */ = {
			isa = XCBuildConfiguration;
			buildSettings = {
				ALWAYS_EMBED_SWIFT_STANDARD_LIBRARIES = YES;
				CODE_SIGN_STYLE = Automatic;
				CURRENT_PROJECT_VERSION = 1;
				DEVELOPMENT_TEAM = 565T396J3V;
				GENERATE_INFOPLIST_FILE = YES;
				MARKETING_VERSION = 1.0;
				PRODUCT_BUNDLE_IDENTIFIER = "dev.lyndipc.chat-appUITests";
				PRODUCT_NAME = "$(TARGET_NAME)";
				SWIFT_EMIT_LOC_STRINGS = NO;
				SWIFT_VERSION = 5.0;
				TARGETED_DEVICE_FAMILY = "1,2";
				TEST_TARGET_NAME = "chat-app";
			};
			name = Release;
		};
/* End XCBuildConfiguration section */

/* Begin XCConfigurationList section */
		3DE49B1F28F09B9F00D08331 /* Build configuration list for PBXProject "chat-app" */ = {
			isa = XCConfigurationList;
			buildConfigurations = (
				3DE49B4628F09BA100D08331 /* Debug */,
				3DE49B4728F09BA100D08331 /* Release */,
			);
			defaultConfigurationIsVisible = 0;
			defaultConfigurationName = Release;
		};
		3DE49B4828F09BA100D08331 /* Build configuration list for PBXNativeTarget "chat-app" */ = {
			isa = XCConfigurationList;
			buildConfigurations = (
				3DE49B4928F09BA100D08331 /* Debug */,
				3DE49B4A28F09BA100D08331 /* Release */,
			);
			defaultConfigurationIsVisible = 0;
			defaultConfigurationName = Release;
		};
		3DE49B4B28F09BA100D08331 /* Build configuration list for PBXNativeTarget "chat-appTests" */ = {
			isa = XCConfigurationList;
			buildConfigurations = (
				3DE49B4C28F09BA100D08331 /* Debug */,
				3DE49B4D28F09BA100D08331 /* Release */,
			);
			defaultConfigurationIsVisible = 0;
			defaultConfigurationName = Release;
		};
		3DE49B4E28F09BA100D08331 /* Build configuration list for PBXNativeTarget "chat-appUITests" */ = {
			isa = XCConfigurationList;
			buildConfigurations = (
				3DE49B4F28F09BA100D08331 /* Debug */,
				3DE49B5028F09BA100D08331 /* Release */,
			);
			defaultConfigurationIsVisible = 0;
			defaultConfigurationName = Release;
		};
/* End XCConfigurationList section */
	};
	rootObject = 3DE49B1C28F09B9F00D08331 /* Project object */;
}
